# This file is autogenerated, do not edit; changes may be undone by the next 'dep ensure'.


[[projects]]
  name = "github.com/BurntSushi/toml"
  packages = ["."]
  revision = "3012a1dbe2e4bd1391d42b32f0577cb7bbc7f005"
  version = "v0.3.1"

[[projects]]
  name = "github.com/cenkalti/backoff"
  packages = ["."]
  revision = "4b4cebaf850ec58f1bb1fec5bdebdf8501c2bc3f"
  version = "v3.0.0"

[[projects]]
  branch = "master"
  name = "github.com/dghubble/go-twitter"
  packages = ["twitter"]
  revision = "39e5462e111ffe165c62a88e2c25e1c1d1085bdb"

[[projects]]
  name = "github.com/dghubble/oauth1"
  packages = ["."]
  revision = "19d7291ba290f420ccea50e076322aca95f27fcd"
  version = "v0.6.0"

[[projects]]
  name = "github.com/dghubble/sling"
  packages = ["."]
  revision = "5a2946623f885d0cfcd7085b039baec12ad53fdd"
  version = "v1.3.0"

[[projects]]
  name = "github.com/google/go-querystring"
  packages = ["query"]
  revision = "44c6ddd0a2342c386950e880b658017258da92fc"
  version = "v1.0.0"

[solve-meta]
  analyzer-name = "dep"
  analyzer-version = 1
  inputs-digest = "9699eb0d74327c9dcfcb0711c2a931cb5a764d7f7597793b65241cdea1afe4e7"
  solver-name = "gps-cdcl"
  solver-version = 1
